
Microsoft Visual Studio Solution File, Format Version 12.00
# Visual Studio Version 16
VisualStudioVersion = 16.0.32630.194
MinimumVisualStudioVersion = 10.0.40219.1
Project("{FAE04EC0-301F-11D3-BF4B-00C04F79EFBC}") = "WebApp_EF_1", "WebApp_EF_1\WebApp_EF_1.csproj", "{19C13AD7-3330-4663-8A1D-387737AF8470}"
EndProject
Global
	GlobalSection(SolutionConfigurationPlatforms) = preSolution
		Debug|Any CPU = Debug|Any CPU
		Release|Any CPU = Release|Any CPU
	EndGlobalSection
	GlobalSection(ProjectConfigurationPlatforms) = postSolution
		{19C13AD7-3330-4663-8A1D-387737AF8470}.Debug|Any CPU.ActiveCfg = Debug|Any CPU
		{19C13AD7-3330-4663-8A1D-387737AF8470}.Debug|Any CPU.Build.0 = Debug|Any CPU
		{19C13AD7-3330-4663-8A1D-387737AF8470}.Release|Any CPU.ActiveCfg = Release|Any CPU
		{19C13AD7-3330-4663-8A1D-387737AF8470}.Release|Any CPU.Build.0 = Release|Any CPU
	EndGlobalSection
	GlobalSection(SolutionProperties) = preSolution
		HideSolutionNode = FALSE
	EndGlobalSection
	GlobalSection(ExtensibilityGlobals) = postSolution
		SolutionGuid = {4587D82D-ABD4-4654-A646-86B8605B85BA}
	EndGlobalSection
EndGlobal
