
Microsoft Visual Studio Solution File, Format Version 12.00
# Visual Studio Version 16
VisualStudioVersion = 16.0.32630.194
MinimumVisualStudioVersion = 10.0.40219.1
Project("{FAE04EC0-301F-11D3-BF4B-00C04F79EFBC}") = "WebAPI_Assignment_1", "WebAPI_Assignment_1\WebAPI_Assignment_1.csproj", "{4FE797F2-32DE-49EC-B873-1A34C8E01B0D}"
EndProject
Global
	GlobalSection(SolutionConfigurationPlatforms) = preSolution
		Debug|Any CPU = Debug|Any CPU
		Release|Any CPU = Release|Any CPU
	EndGlobalSection
	GlobalSection(ProjectConfigurationPlatforms) = postSolution
		{4FE797F2-32DE-49EC-B873-1A34C8E01B0D}.Debug|Any CPU.ActiveCfg = Debug|Any CPU
		{4FE797F2-32DE-49EC-B873-1A34C8E01B0D}.Debug|Any CPU.Build.0 = Debug|Any CPU
		{4FE797F2-32DE-49EC-B873-1A34C8E01B0D}.Release|Any CPU.ActiveCfg = Release|Any CPU
		{4FE797F2-32DE-49EC-B873-1A34C8E01B0D}.Release|Any CPU.Build.0 = Release|Any CPU
	EndGlobalSection
	GlobalSection(SolutionProperties) = preSolution
		HideSolutionNode = FALSE
	EndGlobalSection
	GlobalSection(ExtensibilityGlobals) = postSolution
		SolutionGuid = {425C2426-8594-422B-A04B-0CCF4C333082}
	EndGlobalSection
EndGlobal
